
Microsoft Visual Studio Solution File, Format Version 12.00
# Visual Studio Version 17
VisualStudioVersion = 17.9.34616.47
MinimumVisualStudioVersion = 10.0.40219.1
Project("{FAE04EC0-301F-11D3-BF4B-00C04F79EFBC}") = "StringUtils", "StringUtils\StringUtils.csproj", "{E277F868-3F24-435E-9FCE-3FEB1CF869D8}"
EndProject
Project("{FAE04EC0-301F-11D3-BF4B-00C04F79EFBC}") = "StringUtilsTest", "StringUtilsTest\StringUtilsTest.csproj", "{3FA299ED-2E70-40B9-8D59-DE178383B227}"
EndProject
Global
	GlobalSection(SolutionConfigurationPlatforms) = preSolution
		Debug|Any CPU = Debug|Any CPU
		Release|Any CPU = Release|Any CPU
	EndGlobalSection
	GlobalSection(ProjectConfigurationPlatforms) = postSolution
		{E277F868-3F24-435E-9FCE-3FEB1CF869D8}.Debug|Any CPU.ActiveCfg = Debug|Any CPU
		{E277F868-3F24-435E-9FCE-3FEB1CF869D8}.Debug|Any CPU.Build.0 = Debug|Any CPU
		{E277F868-3F24-435E-9FCE-3FEB1CF869D8}.Release|Any CPU.ActiveCfg = Release|Any CPU
		{E277F868-3F24-435E-9FCE-3FEB1CF869D8}.Release|Any CPU.Build.0 = Release|Any CPU
		{3FA299ED-2E70-40B9-8D59-DE178383B227}.Debug|Any CPU.ActiveCfg = Debug|Any CPU
		{3FA299ED-2E70-40B9-8D59-DE178383B227}.Debug|Any CPU.Build.0 = Debug|Any CPU
		{3FA299ED-2E70-40B9-8D59-DE178383B227}.Release|Any CPU.ActiveCfg = Release|Any CPU
		{3FA299ED-2E70-40B9-8D59-DE178383B227}.Release|Any CPU.Build.0 = Release|Any CPU
	EndGlobalSection
	GlobalSection(SolutionProperties) = preSolution
		HideSolutionNode = FALSE
	EndGlobalSection
	GlobalSection(ExtensibilityGlobals) = postSolution
		SolutionGuid = {362F478D-1889-4BD6-B143-BAEC959D51A7}
	EndGlobalSection
EndGlobal
